
Microsoft Visual Studio Solution File, Format Version 12.00
# Visual Studio 14
VisualStudioVersion = 14.0.25420.1
MinimumVisualStudioVersion = 10.0.40219.1
Project("{FAE04EC0-301F-11D3-BF4B-00C04F79EFBC}") = "AspNetFundamentos.Capitulo02.WebPages", "AspNetFundamentos.Capitulo02.WebPages\AspNetFundamentos.Capitulo02.WebPages.csproj", "{48F4046B-4981-4026-81E4-3B714BC398BE}"
EndProject
Project("{FAE04EC0-301F-11D3-BF4B-00C04F79EFBC}") = "AspNetFundamentos.Capitulo03.WebForms", "AspNetFundamentos.Capitulo03.WebForms\AspNetFundamentos.Capitulo03.WebForms.csproj", "{FF52741D-78D0-4B7B-9460-3EBEBBB0E869}"
EndProject
Project("{FAE04EC0-301F-11D3-BF4B-00C04F79EFBC}") = "AspNetFundamentos.Capitulo04.Mvc", "AspNetFundamentos.Capitulo04.Mvc\AspNetFundamentos.Capitulo04.Mvc.csproj", "{EDF9C3A0-E90E-429E-88E0-5841A6B7223E}"
EndProject
Project("{2150E333-8FDC-42A3-9474-1A3956D46DE8}") = "3 camadas", "3 camadas", "{DADDB090-BF76-4858-A769-C5D8855CBFE2}"
EndProject
Project("{FAE04EC0-301F-11D3-BF4B-00C04F79EFBC}") = "Impacta.AspNet.Dominio", "Impacta.AspNet.Dominio\Impacta.AspNet.Dominio.csproj", "{59F5E54C-E56D-4A40-AD20-9C5FE7A85F1F}"
EndProject
Project("{FAE04EC0-301F-11D3-BF4B-00C04F79EFBC}") = "Impacta.AspNet.Repositorios.SqlServer", "Impacta.AspNet.Repositorios.SqlServer\Impacta.AspNet.Repositorios.SqlServer.csproj", "{C08E07F7-6C25-4DFF-8FCE-CBC5167D0B2A}"
EndProject
Project("{FAE04EC0-301F-11D3-BF4B-00C04F79EFBC}") = "Impacta.AspNet.Repositorios.SqlServerTests", "Impacta.AspNet.Repositorios.SqlServerTests\Impacta.AspNet.Repositorios.SqlServerTests.csproj", "{EB6B0003-C921-4DC2-B276-51C46030888E}"
EndProject
Project("{FAE04EC0-301F-11D3-BF4B-00C04F79EFBC}") = "AspNetFundamentos.Capitulo07.AcessoDados", "AspNetFundamentos.Capitulo07.AcessoDados\AspNetFundamentos.Capitulo07.AcessoDados.csproj", "{7E694D48-0191-4CF0-8E56-CA084228362C}"
EndProject
Project("{00D1A9C2-B5F0-4AF3-8072-F6C62B433612}") = "Pessoal.Database", "Pessoal.Database\Pessoal.Database.sqlproj", "{BED26B17-D5E9-484F-8802-038C5B4B21A9}"
EndProject
Global
	GlobalSection(SolutionConfigurationPlatforms) = preSolution
		Debug|Any CPU = Debug|Any CPU
		Release|Any CPU = Release|Any CPU
	EndGlobalSection
	GlobalSection(ProjectConfigurationPlatforms) = postSolution
		{48F4046B-4981-4026-81E4-3B714BC398BE}.Debug|Any CPU.ActiveCfg = Debug|Any CPU
		{48F4046B-4981-4026-81E4-3B714BC398BE}.Debug|Any CPU.Build.0 = Debug|Any CPU
		{48F4046B-4981-4026-81E4-3B714BC398BE}.Release|Any CPU.ActiveCfg = Release|Any CPU
		{48F4046B-4981-4026-81E4-3B714BC398BE}.Release|Any CPU.Build.0 = Release|Any CPU
		{FF52741D-78D0-4B7B-9460-3EBEBBB0E869}.Debug|Any CPU.ActiveCfg = Debug|Any CPU
		{FF52741D-78D0-4B7B-9460-3EBEBBB0E869}.Debug|Any CPU.Build.0 = Debug|Any CPU
		{FF52741D-78D0-4B7B-9460-3EBEBBB0E869}.Release|Any CPU.ActiveCfg = Release|Any CPU
		{FF52741D-78D0-4B7B-9460-3EBEBBB0E869}.Release|Any CPU.Build.0 = Release|Any CPU
		{EDF9C3A0-E90E-429E-88E0-5841A6B7223E}.Debug|Any CPU.ActiveCfg = Debug|Any CPU
		{EDF9C3A0-E90E-429E-88E0-5841A6B7223E}.Debug|Any CPU.Build.0 = Debug|Any CPU
		{EDF9C3A0-E90E-429E-88E0-5841A6B7223E}.Release|Any CPU.ActiveCfg = Release|Any CPU
		{EDF9C3A0-E90E-429E-88E0-5841A6B7223E}.Release|Any CPU.Build.0 = Release|Any CPU
		{59F5E54C-E56D-4A40-AD20-9C5FE7A85F1F}.Debug|Any CPU.ActiveCfg = Debug|Any CPU
		{59F5E54C-E56D-4A40-AD20-9C5FE7A85F1F}.Debug|Any CPU.Build.0 = Debug|Any CPU
		{59F5E54C-E56D-4A40-AD20-9C5FE7A85F1F}.Release|Any CPU.ActiveCfg = Release|Any CPU
		{59F5E54C-E56D-4A40-AD20-9C5FE7A85F1F}.Release|Any CPU.Build.0 = Release|Any CPU
		{C08E07F7-6C25-4DFF-8FCE-CBC5167D0B2A}.Debug|Any CPU.ActiveCfg = Debug|Any CPU
		{C08E07F7-6C25-4DFF-8FCE-CBC5167D0B2A}.Debug|Any CPU.Build.0 = Debug|Any CPU
		{C08E07F7-6C25-4DFF-8FCE-CBC5167D0B2A}.Release|Any CPU.ActiveCfg = Release|Any CPU
		{C08E07F7-6C25-4DFF-8FCE-CBC5167D0B2A}.Release|Any CPU.Build.0 = Release|Any CPU
		{EB6B0003-C921-4DC2-B276-51C46030888E}.Debug|Any CPU.ActiveCfg = Debug|Any CPU
		{EB6B0003-C921-4DC2-B276-51C46030888E}.Debug|Any CPU.Build.0 = Debug|Any CPU
		{EB6B0003-C921-4DC2-B276-51C46030888E}.Release|Any CPU.ActiveCfg = Release|Any CPU
		{EB6B0003-C921-4DC2-B276-51C46030888E}.Release|Any CPU.Build.0 = Release|Any CPU
		{7E694D48-0191-4CF0-8E56-CA084228362C}.Debug|Any CPU.ActiveCfg = Debug|Any CPU
		{7E694D48-0191-4CF0-8E56-CA084228362C}.Debug|Any CPU.Build.0 = Debug|Any CPU
		{7E694D48-0191-4CF0-8E56-CA084228362C}.Release|Any CPU.ActiveCfg = Release|Any CPU
		{7E694D48-0191-4CF0-8E56-CA084228362C}.Release|Any CPU.Build.0 = Release|Any CPU
		{BED26B17-D5E9-484F-8802-038C5B4B21A9}.Debug|Any CPU.ActiveCfg = Debug|Any CPU
		{BED26B17-D5E9-484F-8802-038C5B4B21A9}.Debug|Any CPU.Build.0 = Debug|Any CPU
		{BED26B17-D5E9-484F-8802-038C5B4B21A9}.Debug|Any CPU.Deploy.0 = Debug|Any CPU
		{BED26B17-D5E9-484F-8802-038C5B4B21A9}.Release|Any CPU.ActiveCfg = Release|Any CPU
		{BED26B17-D5E9-484F-8802-038C5B4B21A9}.Release|Any CPU.Build.0 = Release|Any CPU
		{BED26B17-D5E9-484F-8802-038C5B4B21A9}.Release|Any CPU.Deploy.0 = Release|Any CPU
	EndGlobalSection
	GlobalSection(SolutionProperties) = preSolution
		HideSolutionNode = FALSE
	EndGlobalSection
	GlobalSection(NestedProjects) = preSolution
		{59F5E54C-E56D-4A40-AD20-9C5FE7A85F1F} = {DADDB090-BF76-4858-A769-C5D8855CBFE2}
		{C08E07F7-6C25-4DFF-8FCE-CBC5167D0B2A} = {DADDB090-BF76-4858-A769-C5D8855CBFE2}
		{EB6B0003-C921-4DC2-B276-51C46030888E} = {DADDB090-BF76-4858-A769-C5D8855CBFE2}
		{7E694D48-0191-4CF0-8E56-CA084228362C} = {DADDB090-BF76-4858-A769-C5D8855CBFE2}
		{BED26B17-D5E9-484F-8802-038C5B4B21A9} = {DADDB090-BF76-4858-A769-C5D8855CBFE2}
	EndGlobalSection
EndGlobal
